
Microsoft Visual Studio Solution File, Format Version 12.00
# Visual Studio 2012
Project("{FAE04EC0-301F-11D3-BF4B-00C04F79EFBC}") = "CheckPermutation", "CheckPermutation\CheckPermutation.csproj", "{40CC654C-B950-4FBE-834A-491CBA0093D9}"
EndProject
Project("{FAE04EC0-301F-11D3-BF4B-00C04F79EFBC}") = "CheckPermutationTest", "CheckPermutationTest\CheckPermutationTest.csproj", "{CB2DF116-1B9A-4131-8914-03FF3B11FCCC}"
EndProject
Global
	GlobalSection(SolutionConfigurationPlatforms) = preSolution
		Debug|Any CPU = Debug|Any CPU
		Release|Any CPU = Release|Any CPU
	EndGlobalSection
	GlobalSection(ProjectConfigurationPlatforms) = postSolution
		{40CC654C-B950-4FBE-834A-491CBA0093D9}.Debug|Any CPU.ActiveCfg = Debug|Any CPU
		{40CC654C-B950-4FBE-834A-491CBA0093D9}.Debug|Any CPU.Build.0 = Debug|Any CPU
		{40CC654C-B950-4FBE-834A-491CBA0093D9}.Release|Any CPU.ActiveCfg = Release|Any CPU
		{40CC654C-B950-4FBE-834A-491CBA0093D9}.Release|Any CPU.Build.0 = Release|Any CPU
		{CB2DF116-1B9A-4131-8914-03FF3B11FCCC}.Debug|Any CPU.ActiveCfg = Debug|Any CPU
		{CB2DF116-1B9A-4131-8914-03FF3B11FCCC}.Debug|Any CPU.Build.0 = Debug|Any CPU
		{CB2DF116-1B9A-4131-8914-03FF3B11FCCC}.Release|Any CPU.ActiveCfg = Release|Any CPU
		{CB2DF116-1B9A-4131-8914-03FF3B11FCCC}.Release|Any CPU.Build.0 = Release|Any CPU
	EndGlobalSection
EndGlobal
